{
  "name": "full-stack-project-folder-setup",
  "version": "1.0.0",
  "lockfileVersion": 2,
  "requires": true,
  "packages": {
    "": {
      "name": "full-stack-project-folder-setup",
      "version": "1.0.0",
      "license": "ISC",
      "dependencies": {
        "setup": "^0.0.3"
      }
    },
    "node_modules/setup": {
      "version": "0.0.3",
      "resolved": "https://registry.npmjs.org/setup/-/setup-0.0.3.tgz",
      "integrity": "sha512-NcuGT1k9V3jdwcNdZzpnO6h2WtLMieaIVRMWeQvlSVRMB6b51T3jeUBSeBzP5Mmqy50viW5y7LRaMaTm/MZ4CA=="
    }
  },
  "dependencies": {
    "setup": {
      "version": "0.0.3",
      "resolved": "https://registry.npmjs.org/setup/-/setup-0.0.3.tgz",
      "integrity": "sha512-NcuGT1k9V3jdwcNdZzpnO6h2WtLMieaIVRMWeQvlSVRMB6b51T3jeUBSeBzP5Mmqy50viW5y7LRaMaTm/MZ4CA=="
    }
  }
}
